
Microsoft Visual Studio Solution File, Format Version 12.00
# Visual Studio 2012
Project("{FAE04EC0-301F-11D3-BF4B-00C04F79EFBC}") = "BLL", "BLL\BLL.csproj", "{A2CC774B-F27F-4E2C-A19C-5EDCBD979DBD}"
EndProject
Project("{FAE04EC0-301F-11D3-BF4B-00C04F79EFBC}") = "ByAUtil", "ByAUtil\ByAUtil.csproj", "{40C23008-DE8E-44CE-9CE7-14C866F39F30}"
EndProject
Project("{FAE04EC0-301F-11D3-BF4B-00C04F79EFBC}") = "DAL", "DAL\DAL.csproj", "{F219AB91-B36A-40D4-9FA6-6F7E91858C8C}"
EndProject
Project("{FAE04EC0-301F-11D3-BF4B-00C04F79EFBC}") = "prueba", "prueba\prueba.csproj", "{E4E4F1FD-089E-4E83-B80F-8CA94FF65038}"
EndProject
Project("{E24C65DC-7377-472B-9ABA-BC803B73C61A}") = "WebSignus", "WebSignus\", "{A52C2DD2-6033-4630-B5BB-DB6F61995451}"
	ProjectSection(WebsiteProperties) = preProject
		TargetFrameworkMoniker = ".NETFramework,Version%3Dv4.0"
		ProjectReferences = "{a2cc774b-f27f-4e2c-a19c-5edcbd979dbd}|BLL.dll;{40C23008-DE8E-44CE-9CE7-14C866F39F30}|ByAUtil.dll;{F219AB91-B36A-40D4-9FA6-6F7E91858C8C}|DAL.dll;"
		Debug.AspNetCompiler.VirtualPath = "/WebSignus"
		Debug.AspNetCompiler.PhysicalPath = "WebSignus\"
		Debug.AspNetCompiler.TargetPath = "PrecompiledWeb\WebSignus\"
		Debug.AspNetCompiler.Updateable = "true"
		Debug.AspNetCompiler.ForceOverwrite = "true"
		Debug.AspNetCompiler.FixedNames = "false"
		Debug.AspNetCompiler.Debug = "True"
		Release.AspNetCompiler.VirtualPath = "/WebSignus"
		Release.AspNetCompiler.PhysicalPath = "WebSignus\"
		Release.AspNetCompiler.TargetPath = "PrecompiledWeb\WebSignus\"
		Release.AspNetCompiler.Updateable = "true"
		Release.AspNetCompiler.ForceOverwrite = "true"
		Release.AspNetCompiler.FixedNames = "false"
		Release.AspNetCompiler.Debug = "False"
		VWDPort = "5260"
	EndProjectSection
EndProject
Global
	GlobalSection(SolutionConfigurationPlatforms) = preSolution
		Debug|Any CPU = Debug|Any CPU
		Debug|Mixed Platforms = Debug|Mixed Platforms
		Debug|x86 = Debug|x86
		Release|Any CPU = Release|Any CPU
		Release|Mixed Platforms = Release|Mixed Platforms
		Release|x86 = Release|x86
	EndGlobalSection
	GlobalSection(ProjectConfigurationPlatforms) = postSolution
		{A2CC774B-F27F-4E2C-A19C-5EDCBD979DBD}.Debug|Any CPU.ActiveCfg = Debug|Any CPU
		{A2CC774B-F27F-4E2C-A19C-5EDCBD979DBD}.Debug|Any CPU.Build.0 = Debug|Any CPU
		{A2CC774B-F27F-4E2C-A19C-5EDCBD979DBD}.Debug|Mixed Platforms.ActiveCfg = Debug|Any CPU
		{A2CC774B-F27F-4E2C-A19C-5EDCBD979DBD}.Debug|Mixed Platforms.Build.0 = Debug|Any CPU
		{A2CC774B-F27F-4E2C-A19C-5EDCBD979DBD}.Debug|x86.ActiveCfg = Debug|Any CPU
		{A2CC774B-F27F-4E2C-A19C-5EDCBD979DBD}.Release|Any CPU.ActiveCfg = Release|Any CPU
		{A2CC774B-F27F-4E2C-A19C-5EDCBD979DBD}.Release|Any CPU.Build.0 = Release|Any CPU
		{A2CC774B-F27F-4E2C-A19C-5EDCBD979DBD}.Release|Mixed Platforms.ActiveCfg = Release|Any CPU
		{A2CC774B-F27F-4E2C-A19C-5EDCBD979DBD}.Release|Mixed Platforms.Build.0 = Release|Any CPU
		{A2CC774B-F27F-4E2C-A19C-5EDCBD979DBD}.Release|x86.ActiveCfg = Release|Any CPU
		{40C23008-DE8E-44CE-9CE7-14C866F39F30}.Debug|Any CPU.ActiveCfg = Debug|Any CPU
		{40C23008-DE8E-44CE-9CE7-14C866F39F30}.Debug|Any CPU.Build.0 = Debug|Any CPU
		{40C23008-DE8E-44CE-9CE7-14C866F39F30}.Debug|Mixed Platforms.ActiveCfg = Debug|Any CPU
		{40C23008-DE8E-44CE-9CE7-14C866F39F30}.Debug|Mixed Platforms.Build.0 = Debug|Any CPU
		{40C23008-DE8E-44CE-9CE7-14C866F39F30}.Debug|x86.ActiveCfg = Debug|Any CPU
		{40C23008-DE8E-44CE-9CE7-14C866F39F30}.Release|Any CPU.ActiveCfg = Release|Any CPU
		{40C23008-DE8E-44CE-9CE7-14C866F39F30}.Release|Any CPU.Build.0 = Release|Any CPU
		{40C23008-DE8E-44CE-9CE7-14C866F39F30}.Release|Mixed Platforms.ActiveCfg = Release|Any CPU
		{40C23008-DE8E-44CE-9CE7-14C866F39F30}.Release|Mixed Platforms.Build.0 = Release|Any CPU
		{40C23008-DE8E-44CE-9CE7-14C866F39F30}.Release|x86.ActiveCfg = Release|Any CPU
		{F219AB91-B36A-40D4-9FA6-6F7E91858C8C}.Debug|Any CPU.ActiveCfg = Debug|Any CPU
		{F219AB91-B36A-40D4-9FA6-6F7E91858C8C}.Debug|Any CPU.Build.0 = Debug|Any CPU
		{F219AB91-B36A-40D4-9FA6-6F7E91858C8C}.Debug|Mixed Platforms.ActiveCfg = Debug|Any CPU
		{F219AB91-B36A-40D4-9FA6-6F7E91858C8C}.Debug|Mixed Platforms.Build.0 = Debug|Any CPU
		{F219AB91-B36A-40D4-9FA6-6F7E91858C8C}.Debug|x86.ActiveCfg = Debug|Any CPU
		{F219AB91-B36A-40D4-9FA6-6F7E91858C8C}.Release|Any CPU.ActiveCfg = Release|Any CPU
		{F219AB91-B36A-40D4-9FA6-6F7E91858C8C}.Release|Any CPU.Build.0 = Release|Any CPU
		{F219AB91-B36A-40D4-9FA6-6F7E91858C8C}.Release|Mixed Platforms.ActiveCfg = Release|Any CPU
		{F219AB91-B36A-40D4-9FA6-6F7E91858C8C}.Release|Mixed Platforms.Build.0 = Release|Any CPU
		{F219AB91-B36A-40D4-9FA6-6F7E91858C8C}.Release|x86.ActiveCfg = Release|Any CPU
		{E4E4F1FD-089E-4E83-B80F-8CA94FF65038}.Debug|Any CPU.ActiveCfg = Debug|x86
		{E4E4F1FD-089E-4E83-B80F-8CA94FF65038}.Debug|Mixed Platforms.ActiveCfg = Debug|x86
		{E4E4F1FD-089E-4E83-B80F-8CA94FF65038}.Debug|Mixed Platforms.Build.0 = Debug|x86
		{E4E4F1FD-089E-4E83-B80F-8CA94FF65038}.Debug|x86.ActiveCfg = Debug|x86
		{E4E4F1FD-089E-4E83-B80F-8CA94FF65038}.Debug|x86.Build.0 = Debug|x86
		{E4E4F1FD-089E-4E83-B80F-8CA94FF65038}.Release|Any CPU.ActiveCfg = Release|x86
		{E4E4F1FD-089E-4E83-B80F-8CA94FF65038}.Release|Mixed Platforms.ActiveCfg = Release|x86
		{E4E4F1FD-089E-4E83-B80F-8CA94FF65038}.Release|Mixed Platforms.Build.0 = Release|x86
		{E4E4F1FD-089E-4E83-B80F-8CA94FF65038}.Release|x86.ActiveCfg = Release|x86
		{E4E4F1FD-089E-4E83-B80F-8CA94FF65038}.Release|x86.Build.0 = Release|x86
		{A52C2DD2-6033-4630-B5BB-DB6F61995451}.Debug|Any CPU.ActiveCfg = Debug|Any CPU
		{A52C2DD2-6033-4630-B5BB-DB6F61995451}.Debug|Any CPU.Build.0 = Debug|Any CPU
		{A52C2DD2-6033-4630-B5BB-DB6F61995451}.Debug|Mixed Platforms.ActiveCfg = Debug|Any CPU
		{A52C2DD2-6033-4630-B5BB-DB6F61995451}.Debug|Mixed Platforms.Build.0 = Debug|Any CPU
		{A52C2DD2-6033-4630-B5BB-DB6F61995451}.Debug|x86.ActiveCfg = Debug|Any CPU
		{A52C2DD2-6033-4630-B5BB-DB6F61995451}.Release|Any CPU.ActiveCfg = Debug|Any CPU
		{A52C2DD2-6033-4630-B5BB-DB6F61995451}.Release|Any CPU.Build.0 = Debug|Any CPU
		{A52C2DD2-6033-4630-B5BB-DB6F61995451}.Release|Mixed Platforms.ActiveCfg = Debug|Any CPU
		{A52C2DD2-6033-4630-B5BB-DB6F61995451}.Release|Mixed Platforms.Build.0 = Debug|Any CPU
		{A52C2DD2-6033-4630-B5BB-DB6F61995451}.Release|x86.ActiveCfg = Debug|Any CPU
	EndGlobalSection
	GlobalSection(SolutionProperties) = preSolution
		HideSolutionNode = FALSE
	EndGlobalSection
EndGlobal
